
Microsoft Visual Studio Solution File, Format Version 12.00
# Visual Studio 15
VisualStudioVersion = 15.0.28307.1267
MinimumVisualStudioVersion = 10.0.40219.1
Project("{FAE04EC0-301F-11D3-BF4B-00C04F79EFBC}") = "ServerConfigRest_033_ElviraYolanda", "ServerConfigRest_033_ElviraYolanda\ServerConfigRest_033_ElviraYolanda.csproj", "{70F6D241-54DE-4066-8602-D707E9DCF58C}"
EndProject
Global
	GlobalSection(SolutionConfigurationPlatforms) = preSolution
		Debug|Any CPU = Debug|Any CPU
		Release|Any CPU = Release|Any CPU
	EndGlobalSection
	GlobalSection(ProjectConfigurationPlatforms) = postSolution
		{70F6D241-54DE-4066-8602-D707E9DCF58C}.Debug|Any CPU.ActiveCfg = Debug|Any CPU
		{70F6D241-54DE-4066-8602-D707E9DCF58C}.Debug|Any CPU.Build.0 = Debug|Any CPU
		{70F6D241-54DE-4066-8602-D707E9DCF58C}.Release|Any CPU.ActiveCfg = Release|Any CPU
		{70F6D241-54DE-4066-8602-D707E9DCF58C}.Release|Any CPU.Build.0 = Release|Any CPU
	EndGlobalSection
	GlobalSection(SolutionProperties) = preSolution
		HideSolutionNode = FALSE
	EndGlobalSection
	GlobalSection(ExtensibilityGlobals) = postSolution
		SolutionGuid = {CF13413F-DF74-4A0C-8F75-EC3C087B6807}
	EndGlobalSection
EndGlobal
